
Microsoft Visual Studio Solution File, Format Version 12.00
# Visual Studio 15
VisualStudioVersion = 15.0.27130.2027
MinimumVisualStudioVersion = 10.0.40219.1
Project("{FAE04EC0-301F-11D3-BF4B-00C04F79EFBC}") = "Tcoc.Result", "Tcoc.Result\Tcoc.Result.csproj", "{EDD5EBF3-0D62-45A1-8EFB-3140E2C57A78}"
EndProject
Project("{FAE04EC0-301F-11D3-BF4B-00C04F79EFBC}") = "Tcoc.Result.UnitTests", "Tcoc.Result.UnitTests\Tcoc.Result.UnitTests.csproj", "{43DEE528-4BC7-464F-93FE-19CC04E407B6}"
EndProject
Global
	GlobalSection(SolutionConfigurationPlatforms) = preSolution
		Debug|Any CPU = Debug|Any CPU
		Release|Any CPU = Release|Any CPU
	EndGlobalSection
	GlobalSection(ProjectConfigurationPlatforms) = postSolution
		{EDD5EBF3-0D62-45A1-8EFB-3140E2C57A78}.Debug|Any CPU.ActiveCfg = Debug|Any CPU
		{EDD5EBF3-0D62-45A1-8EFB-3140E2C57A78}.Debug|Any CPU.Build.0 = Debug|Any CPU
		{EDD5EBF3-0D62-45A1-8EFB-3140E2C57A78}.Release|Any CPU.ActiveCfg = Release|Any CPU
		{EDD5EBF3-0D62-45A1-8EFB-3140E2C57A78}.Release|Any CPU.Build.0 = Release|Any CPU
		{43DEE528-4BC7-464F-93FE-19CC04E407B6}.Debug|Any CPU.ActiveCfg = Debug|Any CPU
		{43DEE528-4BC7-464F-93FE-19CC04E407B6}.Debug|Any CPU.Build.0 = Debug|Any CPU
		{43DEE528-4BC7-464F-93FE-19CC04E407B6}.Release|Any CPU.ActiveCfg = Release|Any CPU
		{43DEE528-4BC7-464F-93FE-19CC04E407B6}.Release|Any CPU.Build.0 = Release|Any CPU
	EndGlobalSection
	GlobalSection(SolutionProperties) = preSolution
		HideSolutionNode = FALSE
	EndGlobalSection
	GlobalSection(ExtensibilityGlobals) = postSolution
		SolutionGuid = {1FF27BB0-7892-4E47-93F4-D9C104C3CB0A}
	EndGlobalSection
EndGlobal
